{
  "name": "keyShutter",
  "lockfileVersion": 2,
  "requires": true,
  "packages": {
    "": {
      "dependencies": {
        "chrome-extension-hot-reload": "^0.2.2",
        "crx-hotreload": "^1.0.6"
      }
    },
    "node_modules/chrome-extension-hot-reload": {
      "version": "0.2.2",
      "resolved": "https://registry.npmjs.org/chrome-extension-hot-reload/-/chrome-extension-hot-reload-0.2.2.tgz",
      "integrity": "sha512-m26GK5WcKAnq/POoLo+skAG4FdzEN0QuFCm56bZEHdPquGZm8nu1SjU3Pq3U7X0hJl7gpGXYs5rEaIMUKEogNw=="
    },
    "node_modules/crx-hotreload": {
      "version": "1.0.6",
      "resolved": "https://registry.npmjs.org/crx-hotreload/-/crx-hotreload-1.0.6.tgz",
      "integrity": "sha512-W07F3gXyCTrHf4w1W2v6y3PHBYyYtJKCiBmgf0FkkteFh9GhqeV9HR7+UbKKfnrx39oC+PHycz9NmBMerIcbGA=="
    }
  },
  "dependencies": {
    "chrome-extension-hot-reload": {
      "version": "0.2.2",
      "resolved": "https://registry.npmjs.org/chrome-extension-hot-reload/-/chrome-extension-hot-reload-0.2.2.tgz",
      "integrity": "sha512-m26GK5WcKAnq/POoLo+skAG4FdzEN0QuFCm56bZEHdPquGZm8nu1SjU3Pq3U7X0hJl7gpGXYs5rEaIMUKEogNw=="
    },
    "crx-hotreload": {
      "version": "1.0.6",
      "resolved": "https://registry.npmjs.org/crx-hotreload/-/crx-hotreload-1.0.6.tgz",
      "integrity": "sha512-W07F3gXyCTrHf4w1W2v6y3PHBYyYtJKCiBmgf0FkkteFh9GhqeV9HR7+UbKKfnrx39oC+PHycz9NmBMerIcbGA=="
    }
  }
}
